# @generated by Move, please check-in and do not edit manually.

[move]
version = 3
manifest_digest = "DF648F25358C25A79B4A03D4415A9CBA28507BC0C499D05FF1321111E411040C"
deps_digest = "F8BBB0CCB2491CA29A3DF03D6F92277A4F3574266507ACD77214D37ECA3F3082"
dependencies = [
  { id = "Sui", name = "Sui" },
]

[[move.package]]
id = "MoveStdlib"
source = { git = "https://github.com/MystenLabs/sui.git", rev = "framework/testnet", subdir = "crates\\sui-framework\\packages\\move-stdlib" }

[[move.package]]
id = "Sui"
source = { git = "https://github.com/MystenLabs/sui.git", rev = "framework/testnet", subdir = "crates/sui-framework/packages/sui-framework" }

dependencies = [
  { id = "MoveStdlib", name = "MoveStdlib" },
]

[move.toolchain-version]
compiler-version = "1.61.2"
edition = "2024.beta"
flavor = "sui"

[env]

[env.testnet]
chain-id = "4c78adac"
original-published-id = "0xd4761bd2bab1009c6126711fa02389c1599fd520543369a617091070d9ad9aab"
latest-published-id = "0xd4761bd2bab1009c6126711fa02389c1599fd520543369a617091070d9ad9aab"
published-version = "1"
